
Microsoft Visual Studio Solution File, Format Version 12.00
# Visual Studio Version 17
VisualStudioVersion = 17.11.35219.272
MinimumVisualStudioVersion = 10.0.40219.1
Project("{FAE04EC0-301F-11D3-BF4B-00C04F79EFBC}") = "ArchiveButler", "ArchiveButler.csproj", "{20C4EAA0-4205-435B-8D23-7EA696675F8A}"
EndProject
Global
	GlobalSection(SolutionConfigurationPlatforms) = preSolution
		Debug|Any CPU = Debug|Any CPU
		Release|Any CPU = Release|Any CPU
	EndGlobalSection
	GlobalSection(ProjectConfigurationPlatforms) = postSolution
		{20C4EAA0-4205-435B-8D23-7EA696675F8A}.Debug|Any CPU.ActiveCfg = Debug|Any CPU
		{20C4EAA0-4205-435B-8D23-7EA696675F8A}.Debug|Any CPU.Build.0 = Debug|Any CPU
		{20C4EAA0-4205-435B-8D23-7EA696675F8A}.Release|Any CPU.ActiveCfg = Release|Any CPU
		{20C4EAA0-4205-435B-8D23-7EA696675F8A}.Release|Any CPU.Build.0 = Release|Any CPU
	EndGlobalSection
	GlobalSection(SolutionProperties) = preSolution
		HideSolutionNode = FALSE
	EndGlobalSection
	GlobalSection(ExtensibilityGlobals) = postSolution
		SolutionGuid = {2AD47B98-56C4-4963-9C4F-9B6DB52F0639}
	EndGlobalSection
EndGlobal
